
Microsoft Visual Studio Solution File, Format Version 12.00
# Visual Studio Version 17
VisualStudioVersion = 17.14.36121.58 d17.14
MinimumVisualStudioVersion = 10.0.40219.1
Project("{FAE04EC0-301F-11D3-BF4B-00C04F79EFBC}") = "Executes", "Executes\Executes.csproj", "{A5EE648C-40D1-40AF-AD02-2437077C98AE}"
EndProject
Global
	GlobalSection(SolutionConfigurationPlatforms) = preSolution
		Debug|Any CPU = Debug|Any CPU
		Release|Any CPU = Release|Any CPU
	EndGlobalSection
	GlobalSection(ProjectConfigurationPlatforms) = postSolution
		{A5EE648C-40D1-40AF-AD02-2437077C98AE}.Debug|Any CPU.ActiveCfg = Debug|Any CPU
		{A5EE648C-40D1-40AF-AD02-2437077C98AE}.Debug|Any CPU.Build.0 = Debug|Any CPU
		{A5EE648C-40D1-40AF-AD02-2437077C98AE}.Release|Any CPU.ActiveCfg = Release|Any CPU
		{A5EE648C-40D1-40AF-AD02-2437077C98AE}.Release|Any CPU.Build.0 = Release|Any CPU
	EndGlobalSection
	GlobalSection(SolutionProperties) = preSolution
		HideSolutionNode = FALSE
	EndGlobalSection
	GlobalSection(ExtensibilityGlobals) = postSolution
		SolutionGuid = {14A30EFA-234C-4400-B05B-96CD4382077F}
	EndGlobalSection
EndGlobal
